
Microsoft Visual Studio Solution File, Format Version 12.00
# Visual Studio Version 16
VisualStudioVersion = 16.0.31702.278
MinimumVisualStudioVersion = 10.0.40219.1
Project("{FAE04EC0-301F-11D3-BF4B-00C04F79EFBC}") = "CSDL_QLBH", "CSDL_QLBH.csproj", "{EEC59FD2-F63D-4E9C-94AF-947561637004}"
EndProject
Global
	GlobalSection(SolutionConfigurationPlatforms) = preSolution
		Debug|Any CPU = Debug|Any CPU
		Release|Any CPU = Release|Any CPU
	EndGlobalSection
	GlobalSection(ProjectConfigurationPlatforms) = postSolution
		{EEC59FD2-F63D-4E9C-94AF-947561637004}.Debug|Any CPU.ActiveCfg = Debug|Any CPU
		{EEC59FD2-F63D-4E9C-94AF-947561637004}.Debug|Any CPU.Build.0 = Debug|Any CPU
		{EEC59FD2-F63D-4E9C-94AF-947561637004}.Release|Any CPU.ActiveCfg = Release|Any CPU
		{EEC59FD2-F63D-4E9C-94AF-947561637004}.Release|Any CPU.Build.0 = Release|Any CPU
	EndGlobalSection
	GlobalSection(SolutionProperties) = preSolution
		HideSolutionNode = FALSE
	EndGlobalSection
	GlobalSection(ExtensibilityGlobals) = postSolution
		SolutionGuid = {60C8B45D-6800-4B9A-B36A-860C3E5EFCDE}
	EndGlobalSection
EndGlobal
